
Microsoft Visual Studio Solution File, Format Version 12.00
# Visual Studio Version 17
VisualStudioVersion = 17.5.33516.290
MinimumVisualStudioVersion = 10.0.40219.1
Project("{FAE04EC0-301F-11D3-BF4B-00C04F79EFBC}") = "TDD_Poker", "TDD_Poker\TDD_Poker.csproj", "{238CB55C-5BCE-4479-9990-A5C306B71964}"
EndProject
Global
	GlobalSection(SolutionConfigurationPlatforms) = preSolution
		Debug|Any CPU = Debug|Any CPU
		Release|Any CPU = Release|Any CPU
	EndGlobalSection
	GlobalSection(ProjectConfigurationPlatforms) = postSolution
		{238CB55C-5BCE-4479-9990-A5C306B71964}.Debug|Any CPU.ActiveCfg = Debug|Any CPU
		{238CB55C-5BCE-4479-9990-A5C306B71964}.Debug|Any CPU.Build.0 = Debug|Any CPU
		{238CB55C-5BCE-4479-9990-A5C306B71964}.Release|Any CPU.ActiveCfg = Release|Any CPU
		{238CB55C-5BCE-4479-9990-A5C306B71964}.Release|Any CPU.Build.0 = Release|Any CPU
	EndGlobalSection
	GlobalSection(SolutionProperties) = preSolution
		HideSolutionNode = FALSE
	EndGlobalSection
	GlobalSection(ExtensibilityGlobals) = postSolution
		SolutionGuid = {F66678A8-0A88-4D26-BAED-80E35F8D7E02}
	EndGlobalSection
EndGlobal
